
Microsoft Visual Studio Solution File, Format Version 12.00
# Visual Studio Version 16
VisualStudioVersion = 16.0.32106.194
MinimumVisualStudioVersion = 10.0.40219.1
Project("{FAE04EC0-301F-11D3-BF4B-00C04F79EFBC}") = "OOPAndFiles", "OOPAndFiles\OOPAndFiles.csproj", "{1591C71D-DA6A-42DE-A5DC-B96E1CFB4C32}"
EndProject
Project("{FAE04EC0-301F-11D3-BF4B-00C04F79EFBC}") = "Frozen", "Frozen\Frozen.csproj", "{CA5776BA-4DD7-4619-874C-BD92D6BE3241}"
EndProject
Global
	GlobalSection(SolutionConfigurationPlatforms) = preSolution
		Debug|Any CPU = Debug|Any CPU
		Release|Any CPU = Release|Any CPU
	EndGlobalSection
	GlobalSection(ProjectConfigurationPlatforms) = postSolution
		{1591C71D-DA6A-42DE-A5DC-B96E1CFB4C32}.Debug|Any CPU.ActiveCfg = Debug|Any CPU
		{1591C71D-DA6A-42DE-A5DC-B96E1CFB4C32}.Debug|Any CPU.Build.0 = Debug|Any CPU
		{1591C71D-DA6A-42DE-A5DC-B96E1CFB4C32}.Release|Any CPU.ActiveCfg = Release|Any CPU
		{1591C71D-DA6A-42DE-A5DC-B96E1CFB4C32}.Release|Any CPU.Build.0 = Release|Any CPU
		{CA5776BA-4DD7-4619-874C-BD92D6BE3241}.Debug|Any CPU.ActiveCfg = Debug|Any CPU
		{CA5776BA-4DD7-4619-874C-BD92D6BE3241}.Debug|Any CPU.Build.0 = Debug|Any CPU
		{CA5776BA-4DD7-4619-874C-BD92D6BE3241}.Release|Any CPU.ActiveCfg = Release|Any CPU
		{CA5776BA-4DD7-4619-874C-BD92D6BE3241}.Release|Any CPU.Build.0 = Release|Any CPU
	EndGlobalSection
	GlobalSection(SolutionProperties) = preSolution
		HideSolutionNode = FALSE
	EndGlobalSection
	GlobalSection(ExtensibilityGlobals) = postSolution
		SolutionGuid = {DFC5884B-7B85-4157-99CC-88CD0567D3AD}
	EndGlobalSection
EndGlobal
